
Microsoft Visual Studio Solution File, Format Version 12.00
# Visual Studio 15
VisualStudioVersion = 15.0.26730.10
MinimumVisualStudioVersion = 10.0.40219.1


Project("{9A19103F-16F7-4668-BE54-9A1E7A4F7556}") = "App1", "App1\App1\App1.csproj", "{609A81D4-1813-4726-94AF-B97BB169CFE4}"
EndProject




Project("{FAE04EC0-301F-11D3-BF4B-00C04F79EFBC}") = "App1.UWP", "App1\App1.UWP\App1.UWP.csproj", "{D9D9E164-8914-40E2-BAE6-12A9C6D59166}"
EndProject

Global
	GlobalSection(SolutionConfigurationPlatforms) = preSolution
		Ad-Hoc|Any CPU = Ad-Hoc|Any CPU
		Ad-Hoc|ARM = Ad-Hoc|ARM
		Ad-Hoc|iPhone = Ad-Hoc|iPhone
		Ad-Hoc|iPhoneSimulator = Ad-Hoc|iPhoneSimulator
		Ad-Hoc|x64 = Ad-Hoc|x64
		Ad-Hoc|x86 = Ad-Hoc|x86
		AppStore|Any CPU = AppStore|Any CPU
		AppStore|ARM = AppStore|ARM
		AppStore|iPhone = AppStore|iPhone
		AppStore|iPhoneSimulator = AppStore|iPhoneSimulator
		AppStore|x64 = AppStore|x64
		AppStore|x86 = AppStore|x86
		Debug|Any CPU = Debug|Any CPU
		Debug|ARM = Debug|ARM
		Debug|iPhone = Debug|iPhone
		Debug|iPhoneSimulator = Debug|iPhoneSimulator
		Debug|x64 = Debug|x64
		Debug|x86 = Debug|x86
		Release|Any CPU = Release|Any CPU
		Release|ARM = Release|ARM
		Release|iPhone = Release|iPhone
		Release|iPhoneSimulator = Release|iPhoneSimulator
		Release|x64 = Release|x64
		Release|x86 = Release|x86
	EndGlobalSection
	GlobalSection(ProjectConfigurationPlatforms) = postSolution
		{609A81D4-1813-4726-94AF-B97BB169CFE4}.Ad-Hoc|Any CPU.ActiveCfg = Debug|Any CPU
		{609A81D4-1813-4726-94AF-B97BB169CFE4}.Ad-Hoc|Any CPU.Build.0 = Debug|Any CPU
		{609A81D4-1813-4726-94AF-B97BB169CFE4}.Ad-Hoc|ARM.ActiveCfg = Debug|Any CPU
		{609A81D4-1813-4726-94AF-B97BB169CFE4}.Ad-Hoc|ARM.Build.0 = Debug|Any CPU
		{609A81D4-1813-4726-94AF-B97BB169CFE4}.Ad-Hoc|iPhone.ActiveCfg = Debug|Any CPU
		{609A81D4-1813-4726-94AF-B97BB169CFE4}.Ad-Hoc|iPhone.Build.0 = Debug|Any CPU
		{609A81D4-1813-4726-94AF-B97BB169CFE4}.Ad-Hoc|iPhoneSimulator.ActiveCfg = Debug|Any CPU
		{609A81D4-1813-4726-94AF-B97BB169CFE4}.Ad-Hoc|iPhoneSimulator.Build.0 = Debug|Any CPU
		{609A81D4-1813-4726-94AF-B97BB169CFE4}.Ad-Hoc|x64.ActiveCfg = Debug|Any CPU
		{609A81D4-1813-4726-94AF-B97BB169CFE4}.Ad-Hoc|x64.Build.0 = Debug|Any CPU
		{609A81D4-1813-4726-94AF-B97BB169CFE4}.Ad-Hoc|x86.ActiveCfg = Debug|Any CPU
		{609A81D4-1813-4726-94AF-B97BB169CFE4}.Ad-Hoc|x86.Build.0 = Debug|Any CPU
		{609A81D4-1813-4726-94AF-B97BB169CFE4}.AppStore|Any CPU.ActiveCfg = Debug|Any CPU
		{609A81D4-1813-4726-94AF-B97BB169CFE4}.AppStore|Any CPU.Build.0 = Debug|Any CPU
		{609A81D4-1813-4726-94AF-B97BB169CFE4}.AppStore|ARM.ActiveCfg = Debug|Any CPU
		{609A81D4-1813-4726-94AF-B97BB169CFE4}.AppStore|ARM.Build.0 = Debug|Any CPU
		{609A81D4-1813-4726-94AF-B97BB169CFE4}.AppStore|iPhone.ActiveCfg = Debug|Any CPU
		{609A81D4-1813-4726-94AF-B97BB169CFE4}.AppStore|iPhone.Build.0 = Debug|Any CPU
		{609A81D4-1813-4726-94AF-B97BB169CFE4}.AppStore|iPhoneSimulator.ActiveCfg = Debug|Any CPU
		{609A81D4-1813-4726-94AF-B97BB169CFE4}.AppStore|iPhoneSimulator.Build.0 = Debug|Any CPU
		{609A81D4-1813-4726-94AF-B97BB169CFE4}.AppStore|x64.ActiveCfg = Debug|Any CPU
		{609A81D4-1813-4726-94AF-B97BB169CFE4}.AppStore|x64.Build.0 = Debug|Any CPU
		{609A81D4-1813-4726-94AF-B97BB169CFE4}.AppStore|x86.ActiveCfg = Debug|Any CPU
		{609A81D4-1813-4726-94AF-B97BB169CFE4}.AppStore|x86.Build.0 = Debug|Any CPU
		{609A81D4-1813-4726-94AF-B97BB169CFE4}.Debug|Any CPU.ActiveCfg = Debug|Any CPU
		{609A81D4-1813-4726-94AF-B97BB169CFE4}.Debug|Any CPU.Build.0 = Debug|Any CPU
		{609A81D4-1813-4726-94AF-B97BB169CFE4}.Debug|ARM.ActiveCfg = Debug|Any CPU
		{609A81D4-1813-4726-94AF-B97BB169CFE4}.Debug|ARM.Build.0 = Debug|Any CPU
		{609A81D4-1813-4726-94AF-B97BB169CFE4}.Debug|iPhone.ActiveCfg = Debug|Any CPU
		{609A81D4-1813-4726-94AF-B97BB169CFE4}.Debug|iPhone.Build.0 = Debug|Any CPU
		{609A81D4-1813-4726-94AF-B97BB169CFE4}.Debug|iPhoneSimulator.ActiveCfg = Debug|Any CPU
		{609A81D4-1813-4726-94AF-B97BB169CFE4}.Debug|iPhoneSimulator.Build.0 = Debug|Any CPU
		{609A81D4-1813-4726-94AF-B97BB169CFE4}.Debug|x64.ActiveCfg = Debug|Any CPU
		{609A81D4-1813-4726-94AF-B97BB169CFE4}.Debug|x64.Build.0 = Debug|Any CPU
		{609A81D4-1813-4726-94AF-B97BB169CFE4}.Debug|x86.ActiveCfg = Debug|Any CPU
		{609A81D4-1813-4726-94AF-B97BB169CFE4}.Debug|x86.Build.0 = Debug|Any CPU
		{609A81D4-1813-4726-94AF-B97BB169CFE4}.Release|Any CPU.ActiveCfg = Release|Any CPU
		{609A81D4-1813-4726-94AF-B97BB169CFE4}.Release|Any CPU.Build.0 = Release|Any CPU
		{609A81D4-1813-4726-94AF-B97BB169CFE4}.Release|ARM.ActiveCfg = Release|Any CPU
		{609A81D4-1813-4726-94AF-B97BB169CFE4}.Release|ARM.Build.0 = Release|Any CPU
		{609A81D4-1813-4726-94AF-B97BB169CFE4}.Release|iPhone.ActiveCfg = Release|Any CPU
		{609A81D4-1813-4726-94AF-B97BB169CFE4}.Release|iPhone.Build.0 = Release|Any CPU
		{609A81D4-1813-4726-94AF-B97BB169CFE4}.Release|iPhoneSimulator.ActiveCfg = Release|Any CPU
		{609A81D4-1813-4726-94AF-B97BB169CFE4}.Release|iPhoneSimulator.Build.0 = Release|Any CPU
		{609A81D4-1813-4726-94AF-B97BB169CFE4}.Release|x64.ActiveCfg = Release|Any CPU
		{609A81D4-1813-4726-94AF-B97BB169CFE4}.Release|x64.Build.0 = Release|Any CPU
		{609A81D4-1813-4726-94AF-B97BB169CFE4}.Release|x86.ActiveCfg = Release|Any CPU
		{609A81D4-1813-4726-94AF-B97BB169CFE4}.Release|x86.Build.0 = Release|Any CPU
		{B61EA4D3-9F6C-41FA-BC0A-83D257BE614B}.Ad-Hoc|Any CPU.ActiveCfg = Ad-Hoc|iPhone
		{B61EA4D3-9F6C-41FA-BC0A-83D257BE614B}.Ad-Hoc|ARM.ActiveCfg = Ad-Hoc|iPhone
		{B61EA4D3-9F6C-41FA-BC0A-83D257BE614B}.Ad-Hoc|iPhone.ActiveCfg = Ad-Hoc|iPhone
		{B61EA4D3-9F6C-41FA-BC0A-83D257BE614B}.Ad-Hoc|iPhone.Build.0 = Ad-Hoc|iPhone
		{B61EA4D3-9F6C-41FA-BC0A-83D257BE614B}.Ad-Hoc|iPhoneSimulator.ActiveCfg = Ad-Hoc|iPhoneSimulator
		{B61EA4D3-9F6C-41FA-BC0A-83D257BE614B}.Ad-Hoc|iPhoneSimulator.Build.0 = Ad-Hoc|iPhoneSimulator
		{B61EA4D3-9F6C-41FA-BC0A-83D257BE614B}.Ad-Hoc|x64.ActiveCfg = Ad-Hoc|iPhone
		{B61EA4D3-9F6C-41FA-BC0A-83D257BE614B}.Ad-Hoc|x86.ActiveCfg = Ad-Hoc|iPhone
		{B61EA4D3-9F6C-41FA-BC0A-83D257BE614B}.AppStore|Any CPU.ActiveCfg = AppStore|iPhone
		{B61EA4D3-9F6C-41FA-BC0A-83D257BE614B}.AppStore|ARM.ActiveCfg = AppStore|iPhone
		{B61EA4D3-9F6C-41FA-BC0A-83D257BE614B}.AppStore|iPhone.ActiveCfg = AppStore|iPhone
		{B61EA4D3-9F6C-41FA-BC0A-83D257BE614B}.AppStore|iPhone.Build.0 = AppStore|iPhone
		{B61EA4D3-9F6C-41FA-BC0A-83D257BE614B}.AppStore|iPhoneSimulator.ActiveCfg = AppStore|iPhoneSimulator
		{B61EA4D3-9F6C-41FA-BC0A-83D257BE614B}.AppStore|iPhoneSimulator.Build.0 = AppStore|iPhoneSimulator
		{B61EA4D3-9F6C-41FA-BC0A-83D257BE614B}.AppStore|x64.ActiveCfg = AppStore|iPhone
		{B61EA4D3-9F6C-41FA-BC0A-83D257BE614B}.AppStore|x86.ActiveCfg = AppStore|iPhone
		{B61EA4D3-9F6C-41FA-BC0A-83D257BE614B}.Debug|Any CPU.ActiveCfg = Debug|iPhone
		{B61EA4D3-9F6C-41FA-BC0A-83D257BE614B}.Debug|ARM.ActiveCfg = Debug|iPhone
		{B61EA4D3-9F6C-41FA-BC0A-83D257BE614B}.Debug|iPhone.ActiveCfg = Debug|iPhone
		{B61EA4D3-9F6C-41FA-BC0A-83D257BE614B}.Debug|iPhone.Build.0 = Debug|iPhone
		{B61EA4D3-9F6C-41FA-BC0A-83D257BE614B}.Debug|iPhoneSimulator.ActiveCfg = Debug|iPhoneSimulator
		{B61EA4D3-9F6C-41FA-BC0A-83D257BE614B}.Debug|iPhoneSimulator.Build.0 = Debug|iPhoneSimulator
		{B61EA4D3-9F6C-41FA-BC0A-83D257BE614B}.Debug|x64.ActiveCfg = Debug|iPhone
		{B61EA4D3-9F6C-41FA-BC0A-83D257BE614B}.Debug|x86.ActiveCfg = Debug|iPhone
		{B61EA4D3-9F6C-41FA-BC0A-83D257BE614B}.Release|Any CPU.ActiveCfg = Release|iPhone
		{B61EA4D3-9F6C-41FA-BC0A-83D257BE614B}.Release|ARM.ActiveCfg = Release|iPhone
		{B61EA4D3-9F6C-41FA-BC0A-83D257BE614B}.Release|iPhone.ActiveCfg = Release|iPhone
		{B61EA4D3-9F6C-41FA-BC0A-83D257BE614B}.Release|iPhone.Build.0 = Release|iPhone
		{B61EA4D3-9F6C-41FA-BC0A-83D257BE614B}.Release|iPhoneSimulator.ActiveCfg = Release|iPhoneSimulator
		{B61EA4D3-9F6C-41FA-BC0A-83D257BE614B}.Release|iPhoneSimulator.Build.0 = Release|iPhoneSimulator
		{B61EA4D3-9F6C-41FA-BC0A-83D257BE614B}.Release|x64.ActiveCfg = Release|iPhone
		{B61EA4D3-9F6C-41FA-BC0A-83D257BE614B}.Release|x86.ActiveCfg = Release|iPhone
		{D9D9E164-8914-40E2-BAE6-12A9C6D59166}.Ad-Hoc|Any CPU.ActiveCfg = Release|x86
		{D9D9E164-8914-40E2-BAE6-12A9C6D59166}.Ad-Hoc|Any CPU.Build.0 = Release|x86
		{D9D9E164-8914-40E2-BAE6-12A9C6D59166}.Ad-Hoc|Any CPU.Deploy.0 = Release|x86
		{D9D9E164-8914-40E2-BAE6-12A9C6D59166}.Ad-Hoc|ARM.ActiveCfg = Release|ARM
		{D9D9E164-8914-40E2-BAE6-12A9C6D59166}.Ad-Hoc|ARM.Build.0 = Release|ARM
		{D9D9E164-8914-40E2-BAE6-12A9C6D59166}.Ad-Hoc|ARM.Deploy.0 = Release|ARM
		{D9D9E164-8914-40E2-BAE6-12A9C6D59166}.Ad-Hoc|iPhone.ActiveCfg = Release|x86
		{D9D9E164-8914-40E2-BAE6-12A9C6D59166}.Ad-Hoc|iPhone.Build.0 = Release|x86
		{D9D9E164-8914-40E2-BAE6-12A9C6D59166}.Ad-Hoc|iPhone.Deploy.0 = Release|x86
		{D9D9E164-8914-40E2-BAE6-12A9C6D59166}.Ad-Hoc|iPhoneSimulator.ActiveCfg = Release|x86
		{D9D9E164-8914-40E2-BAE6-12A9C6D59166}.Ad-Hoc|iPhoneSimulator.Build.0 = Release|x86
		{D9D9E164-8914-40E2-BAE6-12A9C6D59166}.Ad-Hoc|iPhoneSimulator.Deploy.0 = Release|x86
		{D9D9E164-8914-40E2-BAE6-12A9C6D59166}.Ad-Hoc|x64.ActiveCfg = Release|x64
		{D9D9E164-8914-40E2-BAE6-12A9C6D59166}.Ad-Hoc|x64.Build.0 = Release|x64
		{D9D9E164-8914-40E2-BAE6-12A9C6D59166}.Ad-Hoc|x64.Deploy.0 = Release|x64
		{D9D9E164-8914-40E2-BAE6-12A9C6D59166}.Ad-Hoc|x86.ActiveCfg = Release|x86
		{D9D9E164-8914-40E2-BAE6-12A9C6D59166}.Ad-Hoc|x86.Build.0 = Release|x86
		{D9D9E164-8914-40E2-BAE6-12A9C6D59166}.Ad-Hoc|x86.Deploy.0 = Release|x86
		{D9D9E164-8914-40E2-BAE6-12A9C6D59166}.AppStore|Any CPU.ActiveCfg = Release|x86
		{D9D9E164-8914-40E2-BAE6-12A9C6D59166}.AppStore|Any CPU.Build.0 = Release|x86
		{D9D9E164-8914-40E2-BAE6-12A9C6D59166}.AppStore|Any CPU.Deploy.0 = Release|x86
		{D9D9E164-8914-40E2-BAE6-12A9C6D59166}.AppStore|ARM.ActiveCfg = Release|ARM
		{D9D9E164-8914-40E2-BAE6-12A9C6D59166}.AppStore|ARM.Build.0 = Release|ARM
		{D9D9E164-8914-40E2-BAE6-12A9C6D59166}.AppStore|ARM.Deploy.0 = Release|ARM
		{D9D9E164-8914-40E2-BAE6-12A9C6D59166}.AppStore|iPhone.ActiveCfg = Release|x86
		{D9D9E164-8914-40E2-BAE6-12A9C6D59166}.AppStore|iPhone.Build.0 = Release|x86
		{D9D9E164-8914-40E2-BAE6-12A9C6D59166}.AppStore|iPhone.Deploy.0 = Release|x86
		{D9D9E164-8914-40E2-BAE6-12A9C6D59166}.AppStore|iPhoneSimulator.ActiveCfg = Release|x86
		{D9D9E164-8914-40E2-BAE6-12A9C6D59166}.AppStore|iPhoneSimulator.Build.0 = Release|x86
		{D9D9E164-8914-40E2-BAE6-12A9C6D59166}.AppStore|iPhoneSimulator.Deploy.0 = Release|x86
		{D9D9E164-8914-40E2-BAE6-12A9C6D59166}.AppStore|x64.ActiveCfg = Release|x64
		{D9D9E164-8914-40E2-BAE6-12A9C6D59166}.AppStore|x64.Build.0 = Release|x64
		{D9D9E164-8914-40E2-BAE6-12A9C6D59166}.AppStore|x64.Deploy.0 = Release|x64
		{D9D9E164-8914-40E2-BAE6-12A9C6D59166}.AppStore|x86.ActiveCfg = Release|x86
		{D9D9E164-8914-40E2-BAE6-12A9C6D59166}.AppStore|x86.Build.0 = Release|x86
		{D9D9E164-8914-40E2-BAE6-12A9C6D59166}.AppStore|x86.Deploy.0 = Release|x86
		{D9D9E164-8914-40E2-BAE6-12A9C6D59166}.Debug|Any CPU.ActiveCfg = Debug|x86
		{D9D9E164-8914-40E2-BAE6-12A9C6D59166}.Debug|ARM.ActiveCfg = Debug|ARM
		{D9D9E164-8914-40E2-BAE6-12A9C6D59166}.Debug|ARM.Build.0 = Debug|ARM
		{D9D9E164-8914-40E2-BAE6-12A9C6D59166}.Debug|ARM.Deploy.0 = Debug|ARM
		{D9D9E164-8914-40E2-BAE6-12A9C6D59166}.Debug|iPhone.ActiveCfg = Debug|x86
		{D9D9E164-8914-40E2-BAE6-12A9C6D59166}.Debug|iPhoneSimulator.ActiveCfg = Debug|x86
		{D9D9E164-8914-40E2-BAE6-12A9C6D59166}.Debug|x64.ActiveCfg = Debug|x64
		{D9D9E164-8914-40E2-BAE6-12A9C6D59166}.Debug|x64.Build.0 = Debug|x64
		{D9D9E164-8914-40E2-BAE6-12A9C6D59166}.Debug|x64.Deploy.0 = Debug|x64
		{D9D9E164-8914-40E2-BAE6-12A9C6D59166}.Debug|x86.ActiveCfg = Debug|x86
		{D9D9E164-8914-40E2-BAE6-12A9C6D59166}.Debug|x86.Build.0 = Debug|x86
		{D9D9E164-8914-40E2-BAE6-12A9C6D59166}.Debug|x86.Deploy.0 = Debug|x86
		{D9D9E164-8914-40E2-BAE6-12A9C6D59166}.Release|Any CPU.ActiveCfg = Release|x86
		{D9D9E164-8914-40E2-BAE6-12A9C6D59166}.Release|ARM.ActiveCfg = Release|ARM
		{D9D9E164-8914-40E2-BAE6-12A9C6D59166}.Release|ARM.Build.0 = Release|ARM
		{D9D9E164-8914-40E2-BAE6-12A9C6D59166}.Release|ARM.Deploy.0 = Release|ARM
		{D9D9E164-8914-40E2-BAE6-12A9C6D59166}.Release|iPhone.ActiveCfg = Release|x86
		{D9D9E164-8914-40E2-BAE6-12A9C6D59166}.Release|iPhoneSimulator.ActiveCfg = Release|x86
		{D9D9E164-8914-40E2-BAE6-12A9C6D59166}.Release|x64.ActiveCfg = Release|x64
		{D9D9E164-8914-40E2-BAE6-12A9C6D59166}.Release|x64.Build.0 = Release|x64
		{D9D9E164-8914-40E2-BAE6-12A9C6D59166}.Release|x64.Deploy.0 = Release|x64
		{D9D9E164-8914-40E2-BAE6-12A9C6D59166}.Release|x86.ActiveCfg = Release|x86
		{D9D9E164-8914-40E2-BAE6-12A9C6D59166}.Release|x86.Build.0 = Release|x86
		{D9D9E164-8914-40E2-BAE6-12A9C6D59166}.Release|x86.Deploy.0 = Release|x86
		{20FDA6ED-B68E-4610-807B-F358668F181E}.Ad-Hoc|Any CPU.ActiveCfg = Release|Any CPU
		{20FDA6ED-B68E-4610-807B-F358668F181E}.Ad-Hoc|Any CPU.Build.0 = Release|Any CPU
		{20FDA6ED-B68E-4610-807B-F358668F181E}.Ad-Hoc|Any CPU.Deploy.0 = Release|Any CPU
		{20FDA6ED-B68E-4610-807B-F358668F181E}.Ad-Hoc|ARM.ActiveCfg = Release|Any CPU
		{20FDA6ED-B68E-4610-807B-F358668F181E}.Ad-Hoc|ARM.Build.0 = Release|Any CPU
		{20FDA6ED-B68E-4610-807B-F358668F181E}.Ad-Hoc|ARM.Deploy.0 = Release|Any CPU
		{20FDA6ED-B68E-4610-807B-F358668F181E}.Ad-Hoc|iPhone.ActiveCfg = Release|Any CPU
		{20FDA6ED-B68E-4610-807B-F358668F181E}.Ad-Hoc|iPhone.Build.0 = Release|Any CPU
		{20FDA6ED-B68E-4610-807B-F358668F181E}.Ad-Hoc|iPhone.Deploy.0 = Release|Any CPU
		{20FDA6ED-B68E-4610-807B-F358668F181E}.Ad-Hoc|iPhoneSimulator.ActiveCfg = Release|Any CPU
		{20FDA6ED-B68E-4610-807B-F358668F181E}.Ad-Hoc|iPhoneSimulator.Build.0 = Release|Any CPU
		{20FDA6ED-B68E-4610-807B-F358668F181E}.Ad-Hoc|iPhoneSimulator.Deploy.0 = Release|Any CPU
		{20FDA6ED-B68E-4610-807B-F358668F181E}.Ad-Hoc|x64.ActiveCfg = Release|Any CPU
		{20FDA6ED-B68E-4610-807B-F358668F181E}.Ad-Hoc|x64.Build.0 = Release|Any CPU
		{20FDA6ED-B68E-4610-807B-F358668F181E}.Ad-Hoc|x64.Deploy.0 = Release|Any CPU
		{20FDA6ED-B68E-4610-807B-F358668F181E}.Ad-Hoc|x86.ActiveCfg = Release|Any CPU
		{20FDA6ED-B68E-4610-807B-F358668F181E}.Ad-Hoc|x86.Build.0 = Release|Any CPU
		{20FDA6ED-B68E-4610-807B-F358668F181E}.Ad-Hoc|x86.Deploy.0 = Release|Any CPU
		{20FDA6ED-B68E-4610-807B-F358668F181E}.AppStore|Any CPU.ActiveCfg = Release|Any CPU
		{20FDA6ED-B68E-4610-807B-F358668F181E}.AppStore|Any CPU.Build.0 = Release|Any CPU
		{20FDA6ED-B68E-4610-807B-F358668F181E}.AppStore|Any CPU.Deploy.0 = Release|Any CPU
		{20FDA6ED-B68E-4610-807B-F358668F181E}.AppStore|ARM.ActiveCfg = Release|Any CPU
		{20FDA6ED-B68E-4610-807B-F358668F181E}.AppStore|ARM.Build.0 = Release|Any CPU
		{20FDA6ED-B68E-4610-807B-F358668F181E}.AppStore|ARM.Deploy.0 = Release|Any CPU
		{20FDA6ED-B68E-4610-807B-F358668F181E}.AppStore|iPhone.ActiveCfg = Release|Any CPU
		{20FDA6ED-B68E-4610-807B-F358668F181E}.AppStore|iPhone.Build.0 = Release|Any CPU
		{20FDA6ED-B68E-4610-807B-F358668F181E}.AppStore|iPhone.Deploy.0 = Release|Any CPU
		{20FDA6ED-B68E-4610-807B-F358668F181E}.AppStore|iPhoneSimulator.ActiveCfg = Release|Any CPU
		{20FDA6ED-B68E-4610-807B-F358668F181E}.AppStore|iPhoneSimulator.Build.0 = Release|Any CPU
		{20FDA6ED-B68E-4610-807B-F358668F181E}.AppStore|iPhoneSimulator.Deploy.0 = Release|Any CPU
		{20FDA6ED-B68E-4610-807B-F358668F181E}.AppStore|x64.ActiveCfg = Release|Any CPU
		{20FDA6ED-B68E-4610-807B-F358668F181E}.AppStore|x64.Build.0 = Release|Any CPU
		{20FDA6ED-B68E-4610-807B-F358668F181E}.AppStore|x64.Deploy.0 = Release|Any CPU
		{20FDA6ED-B68E-4610-807B-F358668F181E}.AppStore|x86.ActiveCfg = Release|Any CPU
		{20FDA6ED-B68E-4610-807B-F358668F181E}.AppStore|x86.Build.0 = Release|Any CPU
		{20FDA6ED-B68E-4610-807B-F358668F181E}.AppStore|x86.Deploy.0 = Release|Any CPU
		{20FDA6ED-B68E-4610-807B-F358668F181E}.Debug|Any CPU.ActiveCfg = Debug|Any CPU
		{20FDA6ED-B68E-4610-807B-F358668F181E}.Debug|Any CPU.Build.0 = Debug|Any CPU
		{20FDA6ED-B68E-4610-807B-F358668F181E}.Debug|Any CPU.Deploy.0 = Debug|Any CPU
		{20FDA6ED-B68E-4610-807B-F358668F181E}.Debug|ARM.ActiveCfg = Debug|Any CPU
		{20FDA6ED-B68E-4610-807B-F358668F181E}.Debug|ARM.Build.0 = Debug|Any CPU
		{20FDA6ED-B68E-4610-807B-F358668F181E}.Debug|ARM.Deploy.0 = Debug|Any CPU
		{20FDA6ED-B68E-4610-807B-F358668F181E}.Debug|iPhone.ActiveCfg = Debug|Any CPU
		{20FDA6ED-B68E-4610-807B-F358668F181E}.Debug|iPhone.Build.0 = Debug|Any CPU
		{20FDA6ED-B68E-4610-807B-F358668F181E}.Debug|iPhone.Deploy.0 = Debug|Any CPU
		{20FDA6ED-B68E-4610-807B-F358668F181E}.Debug|iPhoneSimulator.ActiveCfg = Debug|Any CPU
		{20FDA6ED-B68E-4610-807B-F358668F181E}.Debug|iPhoneSimulator.Build.0 = Debug|Any CPU
		{20FDA6ED-B68E-4610-807B-F358668F181E}.Debug|iPhoneSimulator.Deploy.0 = Debug|Any CPU
		{20FDA6ED-B68E-4610-807B-F358668F181E}.Debug|x64.ActiveCfg = Debug|Any CPU
		{20FDA6ED-B68E-4610-807B-F358668F181E}.Debug|x64.Build.0 = Debug|Any CPU
		{20FDA6ED-B68E-4610-807B-F358668F181E}.Debug|x64.Deploy.0 = Debug|Any CPU
		{20FDA6ED-B68E-4610-807B-F358668F181E}.Debug|x86.ActiveCfg = Debug|Any CPU
		{20FDA6ED-B68E-4610-807B-F358668F181E}.Debug|x86.Build.0 = Debug|Any CPU
		{20FDA6ED-B68E-4610-807B-F358668F181E}.Debug|x86.Deploy.0 = Debug|Any CPU
		{20FDA6ED-B68E-4610-807B-F358668F181E}.Release|Any CPU.ActiveCfg = Release|Any CPU
		{20FDA6ED-B68E-4610-807B-F358668F181E}.Release|Any CPU.Build.0 = Release|Any CPU
		{20FDA6ED-B68E-4610-807B-F358668F181E}.Release|Any CPU.Deploy.0 = Release|Any CPU
		{20FDA6ED-B68E-4610-807B-F358668F181E}.Release|ARM.ActiveCfg = Release|Any CPU
		{20FDA6ED-B68E-4610-807B-F358668F181E}.Release|ARM.Build.0 = Release|Any CPU
		{20FDA6ED-B68E-4610-807B-F358668F181E}.Release|ARM.Deploy.0 = Release|Any CPU
		{20FDA6ED-B68E-4610-807B-F358668F181E}.Release|iPhone.ActiveCfg = Release|Any CPU
		{20FDA6ED-B68E-4610-807B-F358668F181E}.Release|iPhone.Build.0 = Release|Any CPU
		{20FDA6ED-B68E-4610-807B-F358668F181E}.Release|iPhone.Deploy.0 = Release|Any CPU
		{20FDA6ED-B68E-4610-807B-F358668F181E}.Release|iPhoneSimulator.ActiveCfg = Release|Any CPU
		{20FDA6ED-B68E-4610-807B-F358668F181E}.Release|iPhoneSimulator.Build.0 = Release|Any CPU
		{20FDA6ED-B68E-4610-807B-F358668F181E}.Release|iPhoneSimulator.Deploy.0 = Release|Any CPU
		{20FDA6ED-B68E-4610-807B-F358668F181E}.Release|x64.ActiveCfg = Release|Any CPU
		{20FDA6ED-B68E-4610-807B-F358668F181E}.Release|x64.Build.0 = Release|Any CPU
		{20FDA6ED-B68E-4610-807B-F358668F181E}.Release|x64.Deploy.0 = Release|Any CPU
		{20FDA6ED-B68E-4610-807B-F358668F181E}.Release|x86.ActiveCfg = Release|Any CPU
		{20FDA6ED-B68E-4610-807B-F358668F181E}.Release|x86.Build.0 = Release|Any CPU
		{20FDA6ED-B68E-4610-807B-F358668F181E}.Release|x86.Deploy.0 = Release|Any CPU
		{B445DF73-AC9E-4276-9FBA-7CB5AD5D2518}.Ad-Hoc|Any CPU.ActiveCfg = Release|Any CPU
		{B445DF73-AC9E-4276-9FBA-7CB5AD5D2518}.Ad-Hoc|Any CPU.Build.0 = Release|Any CPU
		{B445DF73-AC9E-4276-9FBA-7CB5AD5D2518}.Ad-Hoc|ARM.ActiveCfg = Release|Any CPU
		{B445DF73-AC9E-4276-9FBA-7CB5AD5D2518}.Ad-Hoc|ARM.Build.0 = Release|Any CPU
		{B445DF73-AC9E-4276-9FBA-7CB5AD5D2518}.Ad-Hoc|iPhone.ActiveCfg = Release|Any CPU
		{B445DF73-AC9E-4276-9FBA-7CB5AD5D2518}.Ad-Hoc|iPhone.Build.0 = Release|Any CPU
		{B445DF73-AC9E-4276-9FBA-7CB5AD5D2518}.Ad-Hoc|iPhoneSimulator.ActiveCfg = Release|Any CPU
		{B445DF73-AC9E-4276-9FBA-7CB5AD5D2518}.Ad-Hoc|iPhoneSimulator.Build.0 = Release|Any CPU
		{B445DF73-AC9E-4276-9FBA-7CB5AD5D2518}.Ad-Hoc|x64.ActiveCfg = Release|Any CPU
		{B445DF73-AC9E-4276-9FBA-7CB5AD5D2518}.Ad-Hoc|x64.Build.0 = Release|Any CPU
		{B445DF73-AC9E-4276-9FBA-7CB5AD5D2518}.Ad-Hoc|x86.ActiveCfg = Release|Any CPU
		{B445DF73-AC9E-4276-9FBA-7CB5AD5D2518}.Ad-Hoc|x86.Build.0 = Release|Any CPU
		{B445DF73-AC9E-4276-9FBA-7CB5AD5D2518}.AppStore|Any CPU.ActiveCfg = Release|Any CPU
		{B445DF73-AC9E-4276-9FBA-7CB5AD5D2518}.AppStore|Any CPU.Build.0 = Release|Any CPU
		{B445DF73-AC9E-4276-9FBA-7CB5AD5D2518}.AppStore|ARM.ActiveCfg = Release|Any CPU
		{B445DF73-AC9E-4276-9FBA-7CB5AD5D2518}.AppStore|ARM.Build.0 = Release|Any CPU
		{B445DF73-AC9E-4276-9FBA-7CB5AD5D2518}.AppStore|iPhone.ActiveCfg = Release|Any CPU
		{B445DF73-AC9E-4276-9FBA-7CB5AD5D2518}.AppStore|iPhone.Build.0 = Release|Any CPU
		{B445DF73-AC9E-4276-9FBA-7CB5AD5D2518}.AppStore|iPhoneSimulator.ActiveCfg = Release|Any CPU
		{B445DF73-AC9E-4276-9FBA-7CB5AD5D2518}.AppStore|iPhoneSimulator.Build.0 = Release|Any CPU
		{B445DF73-AC9E-4276-9FBA-7CB5AD5D2518}.AppStore|x64.ActiveCfg = Release|Any CPU
		{B445DF73-AC9E-4276-9FBA-7CB5AD5D2518}.AppStore|x64.Build.0 = Release|Any CPU
		{B445DF73-AC9E-4276-9FBA-7CB5AD5D2518}.AppStore|x86.ActiveCfg = Release|Any CPU
		{B445DF73-AC9E-4276-9FBA-7CB5AD5D2518}.AppStore|x86.Build.0 = Release|Any CPU
		{B445DF73-AC9E-4276-9FBA-7CB5AD5D2518}.Debug|Any CPU.ActiveCfg = Debug|Any CPU
		{B445DF73-AC9E-4276-9FBA-7CB5AD5D2518}.Debug|Any CPU.Build.0 = Debug|Any CPU
		{B445DF73-AC9E-4276-9FBA-7CB5AD5D2518}.Debug|ARM.ActiveCfg = Debug|Any CPU
		{B445DF73-AC9E-4276-9FBA-7CB5AD5D2518}.Debug|ARM.Build.0 = Debug|Any CPU
		{B445DF73-AC9E-4276-9FBA-7CB5AD5D2518}.Debug|iPhone.ActiveCfg = Debug|Any CPU
		{B445DF73-AC9E-4276-9FBA-7CB5AD5D2518}.Debug|iPhone.Build.0 = Debug|Any CPU
		{B445DF73-AC9E-4276-9FBA-7CB5AD5D2518}.Debug|iPhoneSimulator.ActiveCfg = Debug|Any CPU
		{B445DF73-AC9E-4276-9FBA-7CB5AD5D2518}.Debug|iPhoneSimulator.Build.0 = Debug|Any CPU
		{B445DF73-AC9E-4276-9FBA-7CB5AD5D2518}.Debug|x64.ActiveCfg = Debug|Any CPU
		{B445DF73-AC9E-4276-9FBA-7CB5AD5D2518}.Debug|x64.Build.0 = Debug|Any CPU
		{B445DF73-AC9E-4276-9FBA-7CB5AD5D2518}.Debug|x86.ActiveCfg = Debug|Any CPU
		{B445DF73-AC9E-4276-9FBA-7CB5AD5D2518}.Debug|x86.Build.0 = Debug|Any CPU
		{B445DF73-AC9E-4276-9FBA-7CB5AD5D2518}.Release|Any CPU.ActiveCfg = Release|Any CPU
		{B445DF73-AC9E-4276-9FBA-7CB5AD5D2518}.Release|Any CPU.Build.0 = Release|Any CPU
		{B445DF73-AC9E-4276-9FBA-7CB5AD5D2518}.Release|ARM.ActiveCfg = Release|Any CPU
		{B445DF73-AC9E-4276-9FBA-7CB5AD5D2518}.Release|ARM.Build.0 = Release|Any CPU
		{B445DF73-AC9E-4276-9FBA-7CB5AD5D2518}.Release|iPhone.ActiveCfg = Release|Any CPU
		{B445DF73-AC9E-4276-9FBA-7CB5AD5D2518}.Release|iPhone.Build.0 = Release|Any CPU
		{B445DF73-AC9E-4276-9FBA-7CB5AD5D2518}.Release|iPhoneSimulator.ActiveCfg = Release|Any CPU
		{B445DF73-AC9E-4276-9FBA-7CB5AD5D2518}.Release|iPhoneSimulator.Build.0 = Release|Any CPU
		{B445DF73-AC9E-4276-9FBA-7CB5AD5D2518}.Release|x64.ActiveCfg = Release|Any CPU
		{B445DF73-AC9E-4276-9FBA-7CB5AD5D2518}.Release|x64.Build.0 = Release|Any CPU
		{B445DF73-AC9E-4276-9FBA-7CB5AD5D2518}.Release|x86.ActiveCfg = Release|Any CPU
		{B445DF73-AC9E-4276-9FBA-7CB5AD5D2518}.Release|x86.Build.0 = Release|Any CPU
	EndGlobalSection
	GlobalSection(SolutionProperties) = preSolution
		HideSolutionNode = FALSE
	EndGlobalSection
	GlobalSection(ExtensibilityGlobals) = postSolution
		SolutionGuid = {F6D05029-56B8-4E45-AF2D-0E76295DDBA2}
	EndGlobalSection
EndGlobal
