Microsoft Visual Studio Solution File, Format Version 12.00
# Visual Studio 15
VisualStudioVersion = 15.0.27428.1
MinimumVisualStudioVersion = 10.0.40219.1
Project("{FAE04EC0-301F-11D3-BF4B-00C04F79EFBC}") = "WeekPlanner.iOS", "iOS\WeekPlanner.iOS.csproj", "{BCCF6B87-D71B-4229-B149-101788089824}"
EndProject
Project("{FAE04EC0-301F-11D3-BF4B-00C04F79EFBC}") = "WeekPlanner.Droid", "Droid\WeekPlanner.Droid.csproj", "{11497380-0CCF-43E6-B8AB-29A2691761ED}"
EndProject
Project("{9A19103F-16F7-4668-BE54-9A1E7A4F7556}") = "Swagger.IO", "Swagger.IO\Swagger.IO.csproj", "{3F5B49BB-7EE3-4CD8-B64F-CF0A25C71A6A}"
EndProject
Project("{9A19103F-16F7-4668-BE54-9A1E7A4F7556}") = "WeekPlanner.Tests", "WeekPlanner.Tests\WeekPlanner.Tests.csproj", "{937B5DC1-B63A-4B89-91EF-BC1450555AA9}"
EndProject
Project("{9A19103F-16F7-4668-BE54-9A1E7A4F7556}") = "WeekPlanner", "WeekPlanner\WeekPlanner.csproj", "{303B436C-5647-49F8-AB19-7F19A13F304A}"
EndProject
Global
	GlobalSection(SolutionConfigurationPlatforms) = preSolution
		Debug|Any CPU = Debug|Any CPU
		Debug|iPhone = Debug|iPhone
		Debug|iPhoneSimulator = Debug|iPhoneSimulator
		Release|Any CPU = Release|Any CPU
		Release|iPhone = Release|iPhone
		Release|iPhoneSimulator = Release|iPhoneSimulator
	EndGlobalSection
	GlobalSection(ProjectConfigurationPlatforms) = postSolution
		{BCCF6B87-D71B-4229-B149-101788089824}.Debug|Any CPU.ActiveCfg = Debug|iPhone
		{BCCF6B87-D71B-4229-B149-101788089824}.Debug|iPhone.ActiveCfg = Debug|iPhone
		{BCCF6B87-D71B-4229-B149-101788089824}.Debug|iPhone.Build.0 = Debug|iPhone
		{BCCF6B87-D71B-4229-B149-101788089824}.Debug|iPhoneSimulator.ActiveCfg = Debug|iPhoneSimulator
		{BCCF6B87-D71B-4229-B149-101788089824}.Debug|iPhoneSimulator.Build.0 = Debug|iPhoneSimulator
		{BCCF6B87-D71B-4229-B149-101788089824}.Release|Any CPU.ActiveCfg = Release|iPhone
		{BCCF6B87-D71B-4229-B149-101788089824}.Release|iPhone.ActiveCfg = Release|iPhone
		{BCCF6B87-D71B-4229-B149-101788089824}.Release|iPhone.Build.0 = Release|iPhone
		{BCCF6B87-D71B-4229-B149-101788089824}.Release|iPhoneSimulator.ActiveCfg = Release|iPhoneSimulator
		{BCCF6B87-D71B-4229-B149-101788089824}.Release|iPhoneSimulator.Build.0 = Release|iPhoneSimulator
		{11497380-0CCF-43E6-B8AB-29A2691761ED}.Debug|Any CPU.ActiveCfg = Debug|Any CPU
		{11497380-0CCF-43E6-B8AB-29A2691761ED}.Debug|Any CPU.Build.0 = Debug|Any CPU
		{11497380-0CCF-43E6-B8AB-29A2691761ED}.Debug|Any CPU.Deploy.0 = Debug|Any CPU
		{11497380-0CCF-43E6-B8AB-29A2691761ED}.Debug|iPhone.ActiveCfg = Debug|Any CPU
		{11497380-0CCF-43E6-B8AB-29A2691761ED}.Debug|iPhone.Build.0 = Debug|Any CPU
		{11497380-0CCF-43E6-B8AB-29A2691761ED}.Debug|iPhone.Deploy.0 = Debug|Any CPU
		{11497380-0CCF-43E6-B8AB-29A2691761ED}.Debug|iPhoneSimulator.ActiveCfg = Debug|Any CPU
		{11497380-0CCF-43E6-B8AB-29A2691761ED}.Debug|iPhoneSimulator.Build.0 = Debug|Any CPU
		{11497380-0CCF-43E6-B8AB-29A2691761ED}.Debug|iPhoneSimulator.Deploy.0 = Debug|Any CPU
		{11497380-0CCF-43E6-B8AB-29A2691761ED}.Release|Any CPU.ActiveCfg = Release|Any CPU
		{11497380-0CCF-43E6-B8AB-29A2691761ED}.Release|Any CPU.Build.0 = Release|Any CPU
		{11497380-0CCF-43E6-B8AB-29A2691761ED}.Release|Any CPU.Deploy.0 = Release|Any CPU
		{11497380-0CCF-43E6-B8AB-29A2691761ED}.Release|iPhone.ActiveCfg = Release|Any CPU
		{11497380-0CCF-43E6-B8AB-29A2691761ED}.Release|iPhone.Build.0 = Release|Any CPU
		{11497380-0CCF-43E6-B8AB-29A2691761ED}.Release|iPhone.Deploy.0 = Release|Any CPU
		{11497380-0CCF-43E6-B8AB-29A2691761ED}.Release|iPhoneSimulator.ActiveCfg = Release|Any CPU
		{11497380-0CCF-43E6-B8AB-29A2691761ED}.Release|iPhoneSimulator.Build.0 = Release|Any CPU
		{11497380-0CCF-43E6-B8AB-29A2691761ED}.Release|iPhoneSimulator.Deploy.0 = Release|Any CPU
		{3F5B49BB-7EE3-4CD8-B64F-CF0A25C71A6A}.Debug|Any CPU.ActiveCfg = Debug|Any CPU
		{3F5B49BB-7EE3-4CD8-B64F-CF0A25C71A6A}.Debug|Any CPU.Build.0 = Debug|Any CPU
		{3F5B49BB-7EE3-4CD8-B64F-CF0A25C71A6A}.Debug|iPhone.ActiveCfg = Debug|Any CPU
		{3F5B49BB-7EE3-4CD8-B64F-CF0A25C71A6A}.Debug|iPhone.Build.0 = Debug|Any CPU
		{3F5B49BB-7EE3-4CD8-B64F-CF0A25C71A6A}.Debug|iPhoneSimulator.ActiveCfg = Debug|Any CPU
		{3F5B49BB-7EE3-4CD8-B64F-CF0A25C71A6A}.Debug|iPhoneSimulator.Build.0 = Debug|Any CPU
		{3F5B49BB-7EE3-4CD8-B64F-CF0A25C71A6A}.Release|Any CPU.ActiveCfg = Release|Any CPU
		{3F5B49BB-7EE3-4CD8-B64F-CF0A25C71A6A}.Release|Any CPU.Build.0 = Release|Any CPU
		{3F5B49BB-7EE3-4CD8-B64F-CF0A25C71A6A}.Release|iPhone.ActiveCfg = Release|Any CPU
		{3F5B49BB-7EE3-4CD8-B64F-CF0A25C71A6A}.Release|iPhone.Build.0 = Release|Any CPU
		{3F5B49BB-7EE3-4CD8-B64F-CF0A25C71A6A}.Release|iPhoneSimulator.ActiveCfg = Release|Any CPU
		{3F5B49BB-7EE3-4CD8-B64F-CF0A25C71A6A}.Release|iPhoneSimulator.Build.0 = Release|Any CPU
		{937B5DC1-B63A-4B89-91EF-BC1450555AA9}.Debug|Any CPU.ActiveCfg = Debug|Any CPU
		{937B5DC1-B63A-4B89-91EF-BC1450555AA9}.Debug|Any CPU.Build.0 = Debug|Any CPU
		{937B5DC1-B63A-4B89-91EF-BC1450555AA9}.Debug|iPhone.ActiveCfg = Debug|Any CPU
		{937B5DC1-B63A-4B89-91EF-BC1450555AA9}.Debug|iPhone.Build.0 = Debug|Any CPU
		{937B5DC1-B63A-4B89-91EF-BC1450555AA9}.Debug|iPhoneSimulator.ActiveCfg = Debug|Any CPU
		{937B5DC1-B63A-4B89-91EF-BC1450555AA9}.Debug|iPhoneSimulator.Build.0 = Debug|Any CPU
		{937B5DC1-B63A-4B89-91EF-BC1450555AA9}.Release|Any CPU.ActiveCfg = Release|Any CPU
		{937B5DC1-B63A-4B89-91EF-BC1450555AA9}.Release|Any CPU.Build.0 = Release|Any CPU
		{937B5DC1-B63A-4B89-91EF-BC1450555AA9}.Release|iPhone.ActiveCfg = Release|Any CPU
		{937B5DC1-B63A-4B89-91EF-BC1450555AA9}.Release|iPhone.Build.0 = Release|Any CPU
		{937B5DC1-B63A-4B89-91EF-BC1450555AA9}.Release|iPhoneSimulator.ActiveCfg = Release|Any CPU
		{937B5DC1-B63A-4B89-91EF-BC1450555AA9}.Release|iPhoneSimulator.Build.0 = Release|Any CPU
		{303B436C-5647-49F8-AB19-7F19A13F304A}.Debug|Any CPU.ActiveCfg = Debug|Any CPU
		{303B436C-5647-49F8-AB19-7F19A13F304A}.Debug|Any CPU.Build.0 = Debug|Any CPU
		{303B436C-5647-49F8-AB19-7F19A13F304A}.Debug|iPhone.ActiveCfg = Debug|Any CPU
		{303B436C-5647-49F8-AB19-7F19A13F304A}.Debug|iPhone.Build.0 = Debug|Any CPU
		{303B436C-5647-49F8-AB19-7F19A13F304A}.Debug|iPhoneSimulator.ActiveCfg = Debug|Any CPU
		{303B436C-5647-49F8-AB19-7F19A13F304A}.Debug|iPhoneSimulator.Build.0 = Debug|Any CPU
		{303B436C-5647-49F8-AB19-7F19A13F304A}.Release|Any CPU.ActiveCfg = Release|Any CPU
		{303B436C-5647-49F8-AB19-7F19A13F304A}.Release|Any CPU.Build.0 = Release|Any CPU
		{303B436C-5647-49F8-AB19-7F19A13F304A}.Release|iPhone.ActiveCfg = Release|Any CPU
		{303B436C-5647-49F8-AB19-7F19A13F304A}.Release|iPhone.Build.0 = Release|Any CPU
		{303B436C-5647-49F8-AB19-7F19A13F304A}.Release|iPhoneSimulator.ActiveCfg = Release|Any CPU
		{303B436C-5647-49F8-AB19-7F19A13F304A}.Release|iPhoneSimulator.Build.0 = Release|Any CPU
	EndGlobalSection
	GlobalSection(SolutionProperties) = preSolution
		HideSolutionNode = FALSE
	EndGlobalSection
	GlobalSection(ExtensibilityGlobals) = postSolution
		SolutionGuid = {8F7BF5D6-E549-4F27-980A-6532DCF814E0}
	EndGlobalSection
EndGlobal
