Microsoft Visual Studio Solution File, Format Version 12.00
# Visual Studio 15
VisualStudioVersion = 15.0.27428.1
MinimumVisualStudioVersion = 10.0.40219.1
Project("{FAE04EC0-301F-11D3-BF4B-00C04F79EFBC}") = "WeekPlanner.iOS", "iOS\WeekPlanner.iOS.csproj", "{BCCF6B87-D71B-4229-B149-101788089824}"
EndProject
Project("{FAE04EC0-301F-11D3-BF4B-00C04F79EFBC}") = "WeekPlanner.Droid", "Droid\WeekPlanner.Droid.csproj", "{11497380-0CCF-43E6-B8AB-29A2691761ED}"
EndProject
Project("{FAE04EC0-301F-11D3-BF4B-00C04F79EFBC}") = "Swagger.IO", "Swagger.IO\Swagger.IO.csproj", "{3F5B49BB-7EE3-4CD8-B64F-CF0A25C71A6A}"
EndProject
Project("{FAE04EC0-301F-11D3-BF4B-00C04F79EFBC}") = "WeekPlanner.Tests", "WeekPlanner.Tests\WeekPlanner.Tests.csproj", "{937B5DC1-B63A-4B89-91EF-BC1450555AA9}"
EndProject
Project("{FAE04EC0-301F-11D3-BF4B-00C04F79EFBC}") = "WeekPlanner", "WeekPlanner\WeekPlanner.csproj", "{303B436C-5647-49F8-AB19-7F19A13F304A}"
EndProject
Global
	GlobalSection(SolutionConfigurationPlatforms) = preSolution
	EndGlobalSection
	GlobalSection(ProjectConfigurationPlatforms) = postSolution
	EndGlobalSection
	GlobalSection(SolutionProperties) = preSolution
		HideSolutionNode = FALSE
	EndGlobalSection
	GlobalSection(ExtensibilityGlobals) = postSolution
		SolutionGuid = {8F7BF5D6-E549-4F27-980A-6532DCF814E0}
	EndGlobalSection
EndGlobal
