
Microsoft Visual Studio Solution File, Format Version 12.00
Project("{FAE04EC0-301F-11D3-BF4B-00C04F79EFBC}") = "GirafAPI", "GirafAPI\GirafAPI.csproj", "{8AA8B208-B982-4C75-9E60-04CF5FB94304}"
EndProject
Project("{FAE04EC0-301F-11D3-BF4B-00C04F79EFBC}") = "Giraf.IntegrationTests", "Giraf.IntegrationTests\Giraf.IntegrationTests.csproj", "{63C19915-0F63-49F0-A703-C2226A88DDBD}"
EndProject
Global
	GlobalSection(SolutionConfigurationPlatforms) = preSolution
		Debug|Any CPU = Debug|Any CPU
		Release|Any CPU = Release|Any CPU
	EndGlobalSection
	GlobalSection(ProjectConfigurationPlatforms) = postSolution
		{8AA8B208-B982-4C75-9E60-04CF5FB94304}.Debug|Any CPU.ActiveCfg = Debug|Any CPU
		{8AA8B208-B982-4C75-9E60-04CF5FB94304}.Debug|Any CPU.Build.0 = Debug|Any CPU
		{8AA8B208-B982-4C75-9E60-04CF5FB94304}.Release|Any CPU.ActiveCfg = Release|Any CPU
		{8AA8B208-B982-4C75-9E60-04CF5FB94304}.Release|Any CPU.Build.0 = Release|Any CPU
		{63C19915-0F63-49F0-A703-C2226A88DDBD}.Debug|Any CPU.ActiveCfg = Debug|Any CPU
		{63C19915-0F63-49F0-A703-C2226A88DDBD}.Debug|Any CPU.Build.0 = Debug|Any CPU
		{63C19915-0F63-49F0-A703-C2226A88DDBD}.Release|Any CPU.ActiveCfg = Release|Any CPU
		{63C19915-0F63-49F0-A703-C2226A88DDBD}.Release|Any CPU.Build.0 = Release|Any CPU
	EndGlobalSection
	GlobalSection(SolutionProperties) = preSolution
		HideSolutionNode = FALSE
	EndGlobalSection
EndGlobal
